{
  "R": {
    "Version": "3.4.3",
    "Repositories": [
      {
        "Name": "CRAN",
        "URL": "https://cran.rstudio.com"
      }
    ]
  },
  "Packages": {
    "BH": {
      "Package": "BH",
      "Version": "1.72.0-3",
      "Source": "Repository",
      "Repository": "RSPM",
      "Hash": "8f9ce74c6417d61f0782cbae5fd2b7b0"
    },
    "DT": {
      "Package": "DT",
      "Version": "0.12",
      "Source": "Repository",
      "Repository": "CRAN",
      "Hash": "0e120603cc57e4f1d741f739aa8147ba"
    },
    "MASS": {
      "Package": "MASS",
      "Version": "7.3-51.5",
      "Source": "Repository",
      "Repository": "CRAN",
      "Hash": "9efe80472b21189ebab1b74169808c26"
    },
    "Matrix": {
      "Package": "Matrix",
      "Version": "1.2-18",
      "Source": "Repository",
      "Repository": "CRAN",
      "Hash": "08588806cba69f04797dab50627428ed"
    },
    "R6": {
      "Package": "R6",
      "Version": "2.4.1",
      "Source": "Repository",
      "Repository": "RSPM",
      "Hash": "292b54f8f4b94669b08f94e5acce6be2"
    },
    "RColorBrewer": {
      "Package": "RColorBrewer",
      "Version": "1.1-2",
      "Source": "Repository",
      "Repository": "RSPM",
      "Hash": "e031418365a7f7a766181ab5a41a5716"
    },
    "Rcpp": {
      "Package": "Rcpp",
      "Version": "1.0.3",
      "Source": "Repository",
      "Repository": "RSPM",
      "Hash": "f3ca785924863b0e4c8cb23b6a5c75a1"
    },
    "askpass": {
      "Package": "askpass",
      "Version": "1.1",
      "Source": "Repository",
      "Repository": "RSPM",
      "Hash": "e8a22846fff485f0be3770c2da758713"
    },
    "assertthat": {
      "Package": "assertthat",
      "Version": "0.2.1",
      "Source": "Repository",
      "Repository": "RSPM",
      "Hash": "50c838a310445e954bc13f26f26a6ecf"
    },
    "backports": {
      "Package": "backports",
      "Version": "1.1.5",
      "Source": "Repository",
      "Repository": "RSPM",
      "Hash": "e9f705633dc932bfd5b02b17a5053a06"
    },
    "base64enc": {
      "Package": "base64enc",
      "Version": "0.1-3",
      "Source": "Repository",
      "Repository": "RSPM",
      "Hash": "543776ae6848fde2f48ff3816d0628bc"
    },
    "brew": {
      "Package": "brew",
      "Version": "1.0-6",
      "Source": "Repository",
      "Repository": "CRAN",
      "Hash": "92a5f887f9ae3035ac7afde22ba73ee9"
    },
    "callr": {
      "Package": "callr",
      "Version": "3.4.2",
      "Source": "Repository",
      "Repository": "CRAN",
      "Hash": "d16f6e202179e69c1400cc1f845bfc09"
    },
    "cli": {
      "Package": "cli",
      "Version": "2.0.1",
      "Source": "Repository",
      "Repository": "RSPM",
      "Hash": "5173d8ab28680cf263636b110f4f3220"
    },
    "clipr": {
      "Package": "clipr",
      "Version": "0.7.0",
      "Source": "Repository",
      "Repository": "RSPM",
      "Hash": "08cf4045c149a0f0eaf405324c7495bd"
    },
    "clisymbols": {
      "Package": "clisymbols",
      "Version": "1.2.0",
      "Source": "Repository",
      "Repository": "RSPM",
      "Hash": "96c01552bfd5661b9bbdefbc762f4bcd"
    },
    "colorspace": {
      "Package": "colorspace",
      "Version": "1.4-1",
      "Source": "Repository",
      "Repository": "RSPM",
      "Hash": "6b436e95723d1f0e861224dd9b094dfb"
    },
    "commonmark": {
      "Package": "commonmark",
      "Version": "1.7",
      "Source": "Repository",
      "Repository": "RSPM",
      "Hash": "0f22be39ec1d141fd03683c06f3a6e67"
    },
    "config": {
      "Package": "config",
      "Version": "0.3",
      "Source": "Repository",
      "Repository": "RSPM",
      "Hash": "76268942467fa8ba171e9aa34203ee2a"
    },
    "connectApiUtils": {
      "Package": "connectApiUtils",
      "Version": "0.1.0.9000",
      "Source": "GitHub",
      "Remotes": "slopp/webshot",
      "RemoteType": "github",
      "RemoteHost": "api.github.com",
      "RemoteRepo": "connectApiUtils",
      "RemoteUsername": "colearendt",
      "RemoteRef": "test-deploy",
      "RemoteSha": "ce53b8f2b39cc87523241d5d252b9db5c1d0647b",
      "Hash": "3cdba5c5e08c5790990c2c6a496c2775"
    },
    "covr": {
      "Package": "covr",
      "Version": "3.4.0",
      "Source": "Repository",
      "Repository": "CRAN",
      "Hash": "f74318f5d25fa79665684bcdc296ea4f"
    },
    "crayon": {
      "Package": "crayon",
      "Version": "1.3.4",
      "Source": "Repository",
      "Repository": "RSPM",
      "Hash": "0d57bc8e27b7ba9e45dba825ebc0de6b"
    },
    "crosstalk": {
      "Package": "crosstalk",
      "Version": "1.0.0",
      "Source": "Repository",
      "Repository": "RSPM",
      "Hash": "4ac529753d1e529966ef675d7f0c762b"
    },
    "curl": {
      "Package": "curl",
      "Version": "4.3",
      "Source": "Repository",
      "Repository": "RSPM",
      "Hash": "2b7d10581cc730804e9ed178c8374bd6"
    },
    "desc": {
      "Package": "desc",
      "Version": "1.2.0",
      "Source": "Repository",
      "Repository": "RSPM",
      "Hash": "6c8fe8fa26a23b79949375d372c7b395"
    },
    "devtools": {
      "Package": "devtools",
      "Version": "2.2.2",
      "Source": "Repository",
      "Repository": "CRAN",
      "Hash": "e12b66f9f6dc41b765b047b4df4b4a38"
    },
    "digest": {
      "Package": "digest",
      "Version": "0.6.25",
      "Source": "Repository",
      "Repository": "CRAN",
      "Hash": "f697db7d92b7028c4b3436e9603fb636"
    },
    "dplyr": {
      "Package": "dplyr",
      "Version": "0.8.4",
      "Source": "Repository",
      "Repository": "CRAN",
      "Hash": "3ecb1deedd4c4ad6ebf4605d263616f2"
    },
    "ellipsis": {
      "Package": "ellipsis",
      "Version": "0.3.0",
      "Source": "Repository",
      "Repository": "RSPM",
      "Hash": "7067d90c1c780bfe80c0d497e3d7b49d"
    },
    "evaluate": {
      "Package": "evaluate",
      "Version": "0.14",
      "Source": "Repository",
      "Repository": "RSPM",
      "Hash": "ec8ca05cffcc70569eaaad8469d2a3a7"
    },
    "fansi": {
      "Package": "fansi",
      "Version": "0.4.1",
      "Source": "Repository",
      "Repository": "RSPM",
      "Hash": "7fce217eaaf8016e72065e85c73027b5"
    },
    "farver": {
      "Package": "farver",
      "Version": "2.0.3.9000",
      "Source": "GitHub",
      "RemoteType": "github",
      "RemoteHost": "api.github.com",
      "RemoteRepo": "farver",
      "RemoteUsername": "thomasp85",
      "RemoteRef": "master",
      "RemoteSha": "f1bcb566bff88f2b58d90e77a8e5d36c1c6bba77",
      "Hash": "bf9c3991faf62c13c5d74dc60d591ce2"
    },
    "fastmap": {
      "Package": "fastmap",
      "Version": "1.0.1",
      "Source": "Repository",
      "Repository": "CRAN",
      "Hash": "83ab58a0518afe3d17e41da01af13b60"
    },
    "flexdashboard": {
      "Package": "flexdashboard",
      "Version": "0.5.1.1",
      "Source": "Repository",
      "Repository": "RSPM",
      "Hash": "8f01ed8fed9f0de7528d9d45202913f1"
    },
    "fs": {
      "Package": "fs",
      "Version": "1.3.1",
      "Source": "Repository",
      "Repository": "RSPM",
      "Hash": "0e26be4558dbbc713d7cfe4a4c361f38"
    },
    "ggplot2": {
      "Package": "ggplot2",
      "Version": "3.2.1",
      "Source": "Repository",
      "Repository": "CRAN",
      "Hash": "9ac60f09a2f437af8df8638ef3da0288"
    },
    "gh": {
      "Package": "gh",
      "Version": "1.1.0",
      "Source": "Repository",
      "Repository": "CRAN",
      "Hash": "89ea5998938d1ad55f035c8a86f96b74"
    },
    "git2r": {
      "Package": "git2r",
      "Version": "0.26.1",
      "Source": "Repository",
      "Repository": "RSPM",
      "Hash": "135db4dbc94ed18f629ff8843a8064b7"
    },
    "glue": {
      "Package": "glue",
      "Version": "1.3.1.9000",
      "Source": "GitHub",
      "RemoteType": "github",
      "RemoteHost": "api.github.com",
      "RemoteRepo": "glue",
      "RemoteUsername": "tidyverse",
      "RemoteRef": "master",
      "RemoteSha": "7131fc394cb36241d59f0ac46cccbaa726844f83",
      "Hash": "c81db218df910f8778adbe8813ab178a"
    },
    "gridExtra": {
      "Package": "gridExtra",
      "Version": "2.3",
      "Source": "Repository",
      "Repository": "CRAN",
      "Hash": "7d7f283939f563670a697165b2cf5560"
    },
    "gtable": {
      "Package": "gtable",
      "Version": "0.3.0",
      "Source": "Repository",
      "Repository": "RSPM",
      "Hash": "ac5c6baf7822ce8732b343f14c072c4d"
    },
    "highlight": {
      "Package": "highlight",
      "Version": "0.5.0",
      "Source": "Repository",
      "Repository": "CRAN",
      "Hash": "88eee986f41177f688ffd11189cb3aec"
    },
    "highr": {
      "Package": "highr",
      "Version": "0.8",
      "Source": "Repository",
      "Repository": "RSPM",
      "Hash": "4dc5bb88961e347a0f4d8aad597cbfac"
    },
    "hms": {
      "Package": "hms",
      "Version": "0.5.3",
      "Source": "Repository",
      "Repository": "RSPM",
      "Hash": "726671f634529d470545f9fd1a9d1869"
    },
    "htmltools": {
      "Package": "htmltools",
      "Version": "0.4.0",
      "Source": "Repository",
      "Repository": "CRAN",
      "Hash": "2d7691222f82f41e93f6d30f169bd5e1"
    },
    "htmlwidgets": {
      "Package": "htmlwidgets",
      "Version": "1.5.1",
      "Source": "Repository",
      "Repository": "RSPM",
      "Hash": "41bace23583fbc25089edae324de2dc3"
    },
    "httpuv": {
      "Package": "httpuv",
      "Version": "1.5.2",
      "Source": "Repository",
      "Repository": "CRAN",
      "Hash": "f793dad2c9ae14fbb1d22f16f23f8326"
    },
    "httr": {
      "Package": "httr",
      "Version": "1.4.1",
      "Source": "Repository",
      "Repository": "RSPM",
      "Hash": "7146fea4685b4252ebf478978c75f597"
    },
    "hunspell": {
      "Package": "hunspell",
      "Version": "3.0",
      "Source": "Repository",
      "Repository": "CRAN",
      "Hash": "71e7853d60b6b4ba891d62ede21752e9"
    },
    "ini": {
      "Package": "ini",
      "Version": "0.3.1",
      "Source": "Repository",
      "Repository": "RSPM",
      "Hash": "6154ec2223172bce8162d4153cda21f7"
    },
    "jsonlite": {
      "Package": "jsonlite",
      "Version": "1.6.1",
      "Source": "Repository",
      "Repository": "RSPM",
      "Hash": "84b0ee361e2f78d6b7d670db9471c0c5"
    },
    "knitr": {
      "Package": "knitr",
      "Version": "1.28",
      "Source": "Repository",
      "Repository": "CRAN",
      "Hash": "915a6f0134cdbdf016d7778bc80b2eda"
    },
    "labeling": {
      "Package": "labeling",
      "Version": "0.3",
      "Source": "Repository",
      "Repository": "RSPM",
      "Hash": "73832978c1de350df58108c745ed0e3e"
    },
    "later": {
      "Package": "later",
      "Version": "1.0.0.9002",
      "Source": "GitHub",
      "RemoteType": "github",
      "RemoteHost": "api.github.com",
      "RemoteUsername": "r-lib",
      "RemoteRepo": "later",
      "RemoteRef": "master",
      "RemoteSha": "0fb877adcfdf8166eb5b505fe99bcf2f9bedacd3",
      "Hash": "9398333dc5e9c03d2ec15ae99dcfd41a"
    },
    "lattice": {
      "Package": "lattice",
      "Version": "0.20-40",
      "Source": "Repository",
      "Repository": "CRAN",
      "Hash": "61339152c288b871facca5f68f401f89"
    },
    "lazyeval": {
      "Package": "lazyeval",
      "Version": "0.2.2",
      "Source": "Repository",
      "Repository": "RSPM",
      "Hash": "d908914ae53b04d4c0c0fd72ecc35370"
    },
    "lifecycle": {
      "Package": "lifecycle",
      "Version": "0.2.0",
      "Source": "Repository",
      "Repository": "CRAN",
      "Hash": "361811f31f71f8a617a9a68bf63f1f42"
    },
    "lubridate": {
      "Package": "lubridate",
      "Version": "1.7.4",
      "Source": "Repository",
      "Repository": "RSPM",
      "Hash": "796afeea047cda6bdb308d374a33eeb6"
    },
    "magrittr": {
      "Package": "magrittr",
      "Version": "1.5",
      "Source": "Repository",
      "Repository": "CRAN",
      "Hash": "1bb58822a20301cee84a41678e25d9b7"
    },
    "markdown": {
      "Package": "markdown",
      "Version": "1.1",
      "Source": "Repository",
      "Repository": "RSPM",
      "Hash": "61e4a10781dd00d7d81dd06ca9b94e95"
    },
    "memoise": {
      "Package": "memoise",
      "Version": "1.1.0",
      "Source": "Repository",
      "Repository": "RSPM",
      "Hash": "58baa74e4603fcfb9a94401c58c8f9b1"
    },
    "mgcv": {
      "Package": "mgcv",
      "Version": "1.8-31",
      "Source": "Repository",
      "Repository": "CRAN",
      "Hash": "4bb7e0c4f3557583e1e8d3c9ffb8ba5c"
    },
    "mime": {
      "Package": "mime",
      "Version": "0.9",
      "Source": "Repository",
      "Repository": "RSPM",
      "Hash": "e87a35ec73b157552814869f45a63aa3"
    },
    "munsell": {
      "Package": "munsell",
      "Version": "0.5.0",
      "Source": "Repository",
      "Repository": "RSPM",
      "Hash": "6dfe8bf774944bd5595785e3229d8771"
    },
    "nlme": {
      "Package": "nlme",
      "Version": "3.1-144",
      "Source": "Repository",
      "Repository": "CRAN",
      "Hash": "e80d41932d3cc235ccbbbb9732ae162e"
    },
    "openssl": {
      "Package": "openssl",
      "Version": "1.4.1",
      "Source": "Repository",
      "Repository": "RSPM",
      "Hash": "49f7258fd86ebeaea1df24d9ded00478"
    },
    "packrat": {
      "Package": "packrat",
      "Version": "0.5.0",
      "Source": "Repository",
      "Repository": "RSPM",
      "Hash": "2ebd34a38f4248281096cc723535b66d"
    },
    "pillar": {
      "Package": "pillar",
      "Version": "1.4.3",
      "Source": "Repository",
      "Repository": "RSPM",
      "Hash": "fa3ed60396b6998d0427c57dab90fba4"
    },
    "pins": {
      "Package": "pins",
      "Version": "0.3.2",
      "Source": "Repository",
      "Repository": "CRAN",
      "Hash": "14cd408189ac0a055b4f04f31256bc2c"
    },
    "pkgbuild": {
      "Package": "pkgbuild",
      "Version": "1.0.6",
      "Source": "Repository",
      "Repository": "RSPM",
      "Hash": "899835dfe286963471cbdb9591f8f94f"
    },
    "pkgconfig": {
      "Package": "pkgconfig",
      "Version": "2.0.3",
      "Source": "Repository",
      "Repository": "RSPM",
      "Hash": "01f28d4278f15c76cddbea05899c5d6f"
    },
    "pkgdown": {
      "Package": "pkgdown",
      "Version": "1.4.1",
      "Source": "Repository",
      "Repository": "CRAN",
      "Hash": "96f7c798b04acb01cee43b266b884755"
    },
    "pkgload": {
      "Package": "pkgload",
      "Version": "1.0.2",
      "Source": "Repository",
      "Repository": "RSPM",
      "Hash": "5e655fb54cceead0f095f22d7be33da3"
    },
    "plogr": {
      "Package": "plogr",
      "Version": "0.2.0",
      "Source": "Repository",
      "Repository": "RSPM",
      "Hash": "09eb987710984fc2905c7129c7d85e65"
    },
    "plyr": {
      "Package": "plyr",
      "Version": "1.8.5",
      "Source": "Repository",
      "Repository": "CRAN",
      "Hash": "3f1b0dbcc503320e6e7aae6c3ff87eaa"
    },
    "praise": {
      "Package": "praise",
      "Version": "1.0.0",
      "Source": "Repository",
      "Repository": "CRAN",
      "Hash": "a555924add98c99d2f411e37e7d25e9f"
    },
    "prettyunits": {
      "Package": "prettyunits",
      "Version": "1.1.1",
      "Source": "Repository",
      "Repository": "RSPM",
      "Hash": "95ef9167b75dde9d2ccc3c7528393e7e"
    },
    "processx": {
      "Package": "processx",
      "Version": "3.4.2",
      "Source": "Repository",
      "Repository": "CRAN",
      "Hash": "20a082f2bde0ffcd8755779fd476a274"
    },
    "progress": {
      "Package": "progress",
      "Version": "1.2.2",
      "Source": "Repository",
      "Repository": "RSPM",
      "Hash": "14dc9f7a3c91ebb14ec5bb9208a07061"
    },
    "promises": {
      "Package": "promises",
      "Version": "1.1.0.9000",
      "Source": "GitHub",
      "RemoteType": "github",
      "RemoteHost": "api.github.com",
      "RemoteUsername": "rstudio",
      "RemoteRepo": "promises",
      "RemoteRef": "master",
      "RemoteSha": "dfc2754b6f9f463c2319d047973a53d5f86bf771",
      "Hash": "27adc19bcc4f88df751c717d41c22533"
    },
    "ps": {
      "Package": "ps",
      "Version": "1.3.2",
      "Source": "Repository",
      "Repository": "CRAN",
      "Hash": "98777535b61c57d1749344345e2a4ccd"
    },
    "purrr": {
      "Package": "purrr",
      "Version": "0.3.3",
      "Source": "Repository",
      "Repository": "CRAN",
      "Hash": "22aca7d1181718e927d403a8c2d69d62"
    },
    "rappdirs": {
      "Package": "rappdirs",
      "Version": "0.3.1",
      "Source": "Repository",
      "Repository": "RSPM",
      "Hash": "8c8298583adbbe76f3c2220eef71bebc"
    },
    "rcmdcheck": {
      "Package": "rcmdcheck",
      "Version": "1.3.3.9000",
      "Source": "GitHub",
      "RemoteType": "github",
      "RemoteHost": "api.github.com",
      "RemoteRepo": "rcmdcheck",
      "RemoteUsername": "r-lib",
      "RemoteRef": "master",
      "RemoteSha": "fa385d58984a957a5c94593fd32593eca6d12ade",
      "Hash": "020bb01eab210438074849a893dc14d7"
    },
    "rematch2": {
      "Package": "rematch2",
      "Version": "2.1.0",
      "Source": "Repository",
      "Repository": "CRAN",
      "Hash": "a8e6ebbd476d2b8f6557ed3fab3b6139"
    },
    "remotes": {
      "Package": "remotes",
      "Version": "2.1.1",
      "Source": "Repository",
      "Repository": "CRAN",
      "Hash": "57c3009534f805f0f6476ffee68483cc"
    },
    "renv": {
      "Package": "renv",
      "Version": "0.9.3-100",
      "Source": "GitHub",
      "RemoteType": "github",
      "RemoteHost": "api.github.com",
      "RemoteUsername": "rstudio",
      "RemoteRepo": "renv",
      "RemoteRef": "master",
      "RemoteSha": "d737b5083a347f9b1722c8d1a91e5b8f3b6f7657",
      "Hash": "bca8db48625b371548690022bbcb1f7d"
    },
    "reprex": {
      "Package": "reprex",
      "Version": "0.3.0",
      "Source": "Repository",
      "Repository": "RSPM",
      "Hash": "b06bfb3504cc8a4579fd5567646f745b"
    },
    "reshape2": {
      "Package": "reshape2",
      "Version": "1.4.3",
      "Source": "Repository",
      "Repository": "RSPM",
      "Hash": "15a23ad30f51789188e439599559815c"
    },
    "rex": {
      "Package": "rex",
      "Version": "1.1.2",
      "Source": "Repository",
      "Repository": "CRAN",
      "Hash": "6d3dbb5d528c8f726861018472bc668c"
    },
    "rlang": {
      "Package": "rlang",
      "Version": "0.4.4.9000",
      "Source": "GitHub",
      "RemoteType": "github",
      "RemoteHost": "api.github.com",
      "RemoteRepo": "rlang",
      "RemoteUsername": "r-lib",
      "RemoteRef": "master",
      "RemoteSha": "26bdd4f54536eac1d23f36a573460a1be5297774",
      "Hash": "ac797efee4f599b820d287d4034647d0"
    },
    "rmarkdown": {
      "Package": "rmarkdown",
      "Version": "2.1",
      "Source": "Repository",
      "Repository": "CRAN",
      "Hash": "9d1c61d476c448350c482d6664e1b28b"
    },
    "roxygen2": {
      "Package": "roxygen2",
      "Version": "7.1.0",
      "Source": "Repository",
      "Repository": "CRAN",
      "Hash": "f173062c04dc8e91d7376d914df6efee"
    },
    "rprojroot": {
      "Package": "rprojroot",
      "Version": "1.3-2",
      "Source": "Repository",
      "Repository": "RSPM",
      "Hash": "f6a407ae5dd21f6f80a6708bbb6eb3ae"
    },
    "rsconnect": {
      "Package": "rsconnect",
      "Version": "0.8.16",
      "Source": "Repository",
      "Repository": "RSPM",
      "Hash": "3924a1c20ce2479e89a08b0ca4c936c6"
    },
    "rstudioapi": {
      "Package": "rstudioapi",
      "Version": "0.11",
      "Source": "Repository",
      "Repository": "CRAN",
      "Hash": "33a5b27a03da82ac4b1d43268f80088a"
    },
    "rversions": {
      "Package": "rversions",
      "Version": "2.0.1",
      "Source": "Repository",
      "Repository": "CRAN",
      "Hash": "2aa84e83767ba93ee6415b439fa981d2"
    },
    "scales": {
      "Package": "scales",
      "Version": "1.1.0",
      "Source": "Repository",
      "Repository": "CRAN",
      "Hash": "a1c68369c629ea3188d0676e37069c65"
    },
    "sessioninfo": {
      "Package": "sessioninfo",
      "Version": "1.1.1",
      "Source": "Repository",
      "Repository": "RSPM",
      "Hash": "308013098befe37484df72c39cf90d6e"
    },
    "shiny": {
      "Package": "shiny",
      "Version": "1.4.0",
      "Source": "Repository",
      "Repository": "CRAN",
      "Hash": "6ca23724bb2c804c1d0b3db4862a39c7"
    },
    "sourcetools": {
      "Package": "sourcetools",
      "Version": "0.1.7",
      "Source": "Repository",
      "Repository": "RSPM",
      "Hash": "947e4e02a79effa5d512473e10f41797"
    },
    "spelling": {
      "Package": "spelling",
      "Version": "2.1",
      "Source": "Repository",
      "Repository": "CRAN",
      "Hash": "b3a5ecc3351f41eb30ef87f65cbff390"
    },
    "stringi": {
      "Package": "stringi",
      "Version": "1.4.6",
      "Source": "Repository",
      "Repository": "CRAN",
      "Hash": "e99d8d656980d2dd416a962ae55aec90"
    },
    "stringr": {
      "Package": "stringr",
      "Version": "1.4.0",
      "Source": "Repository",
      "Repository": "RSPM",
      "Hash": "0759e6b6c0957edb1311028a49a35e76"
    },
    "sys": {
      "Package": "sys",
      "Version": "3.3",
      "Source": "Repository",
      "Repository": "RSPM",
      "Hash": "507f3116a38d37ad330a038b3be07b66"
    },
    "testthat": {
      "Package": "testthat",
      "Version": "2.3.1",
      "Source": "Repository",
      "Repository": "RSPM",
      "Hash": "68dad590f6445cdcdaa5b7eec60e9686"
    },
    "tibble": {
      "Package": "tibble",
      "Version": "2.1.3",
      "Source": "Repository",
      "Repository": "RSPM",
      "Hash": "8248ee35d1e15d1e506f05f5a5d46a75"
    },
    "tidyr": {
      "Package": "tidyr",
      "Version": "1.0.2",
      "Source": "Repository",
      "Repository": "CRAN",
      "Hash": "fb73a010ace00d6c584c2b53a21b969c"
    },
    "tidyselect": {
      "Package": "tidyselect",
      "Version": "1.0.0",
      "Source": "Repository",
      "Repository": "CRAN",
      "Hash": "7d4b0f1ab542d8cb7a40c593a4de2f36"
    },
    "tinytex": {
      "Package": "tinytex",
      "Version": "0.20",
      "Source": "Repository",
      "Repository": "CRAN",
      "Hash": "d2cef450cbbf081b4a2ef1067fae9f32"
    },
    "usethis": {
      "Package": "usethis",
      "Version": "1.5.1.9000",
      "Source": "GitHub",
      "RemoteType": "github",
      "RemoteHost": "api.github.com",
      "RemoteRepo": "usethis",
      "RemoteUsername": "r-lib",
      "RemoteRef": "master",
      "RemoteSha": "5c1efddd54fb8c9b953b25ada7970946801c485b",
      "Hash": "298cd3058079522beccb84f6b961ac7a"
    },
    "utf8": {
      "Package": "utf8",
      "Version": "1.1.4",
      "Source": "Repository",
      "Repository": "RSPM",
      "Hash": "4a5081acfb7b81a572e4384a7aaf2af1"
    },
    "uuid": {
      "Package": "uuid",
      "Version": "0.1-4",
      "Source": "Repository",
      "Repository": "CRAN",
      "Hash": "e4169eb989a5d03ccb6b628cad1b1b50"
    },
    "vctrs": {
      "Package": "vctrs",
      "Version": "0.2.3",
      "Source": "Repository",
      "Repository": "CRAN",
      "Hash": "2c0f41d87be7a186139a6d3d5215848e"
    },
    "viridisLite": {
      "Package": "viridisLite",
      "Version": "0.3.0",
      "Source": "Repository",
      "Repository": "RSPM",
      "Hash": "ce4f6271baa94776db692f1cb2055bee"
    },
    "webshot": {
      "Package": "webshot",
      "Version": "0.5.2",
      "Source": "Repository",
      "Repository": "CRAN",
      "Hash": "e99d80ad34457a4853674e89d5e806de"
    },
    "whisker": {
      "Package": "whisker",
      "Version": "0.4",
      "Source": "Repository",
      "Repository": "RSPM",
      "Hash": "ca970b96d894e90397ed20637a0c1bbe"
    },
    "withr": {
      "Package": "withr",
      "Version": "2.1.2",
      "Source": "Repository",
      "Repository": "RSPM",
      "Hash": "aa57ed55ff2df4bea697a07df528993d"
    },
    "xfun": {
      "Package": "xfun",
      "Version": "0.12",
      "Source": "Repository",
      "Repository": "RSPM",
      "Hash": "ccd8453a7b9e380628f6cd2862e46cad"
    },
    "xml2": {
      "Package": "xml2",
      "Version": "1.2.2",
      "Source": "Repository",
      "Repository": "RSPM",
      "Hash": "63ad35854e01d8b59ca18095b5145bb7"
    },
    "xopen": {
      "Package": "xopen",
      "Version": "1.0.0",
      "Source": "Repository",
      "Repository": "RSPM",
      "Hash": "6c85f015dee9cc7710ddd20f86881f58"
    },
    "xtable": {
      "Package": "xtable",
      "Version": "1.8-4",
      "Source": "Repository",
      "Repository": "RSPM",
      "Hash": "b8acdf8af494d9ec19ccb2481a9b11c2"
    },
    "yaml": {
      "Package": "yaml",
      "Version": "2.2.1",
      "Source": "Repository",
      "Repository": "RSPM",
      "Hash": "2826c5d9efb0a88f657c7a679c7106db"
    },
    "zip": {
      "Package": "zip",
      "Version": "2.0.4",
      "Source": "Repository",
      "Repository": "CRAN",
      "Hash": "caa73cdca1a87e5f2617915c8809f207"
    }
  }
}
